
Microsoft Visual Studio Solution File, Format Version 12.00
# Visual Studio 2012
Project("{FAE04EC0-301F-11D3-BF4B-00C04F79EFBC}") = "WindowsFormsApplication1", "WindowsFormsApplication1\WindowsFormsApplication1.csproj", "{CEC9FE11-8B9B-454D-9C09-146A621A6061}"
EndProject
Global
	GlobalSection(SolutionConfigurationPlatforms) = preSolution
		Debug|Any CPU = Debug|Any CPU
		Release|Any CPU = Release|Any CPU
	EndGlobalSection
	GlobalSection(ProjectConfigurationPlatforms) = postSolution
		{CEC9FE11-8B9B-454D-9C09-146A621A6061}.Debug|Any CPU.ActiveCfg = Debug|Any CPU
		{CEC9FE11-8B9B-454D-9C09-146A621A6061}.Debug|Any CPU.Build.0 = Debug|Any CPU
		{CEC9FE11-8B9B-454D-9C09-146A621A6061}.Release|Any CPU.ActiveCfg = Release|Any CPU
		{CEC9FE11-8B9B-454D-9C09-146A621A6061}.Release|Any CPU.Build.0 = Release|Any CPU
	EndGlobalSection
	GlobalSection(SolutionProperties) = preSolution
		HideSolutionNode = FALSE
	EndGlobalSection
EndGlobal
